# This file is automatically @generated by Cargo.
# It is not intended for manual editing.
version = 4

[[package]]
name = "autocfg"
version = "1.5.1"
source = "registry+https://github.com/rust-lang/crates.io-index"
checksum = "c0a8b27b18a48bfb990e3630d1ef0e47f7a6f0e8cd0f0747adad3f611f486a02"

[[package]]
name = "bitflags"
version = "2.13.1"
source = "registry+https://github.com/rust-lang/crates.io-index"
checksum = "4985b4f2ecfec9070c5039bc025aa8e1509e0bdf21f151575fcf3ee4bf3fa70c"

[[package]]
name = "block-buffer"
version = "0.10.4"
source = "registry+https://github.com/rust-lang/crates.io-index"
checksum = "3078c7629b62d3f0439517fa394996acacc5cbc91c5a20d8c658e77abd503a71"

[[package]]
name = "bumpalo"
version = "3.20.3"
source = "registry+https://github.com/rust-lang/crates.io-index"
checksum = "bbfa8eab07fcf17bcacb5885a054fc078dcfdbd07f07254d88f5d817b4cf1b02"

[[package]]
name = "cc"
version = "1.4.5"
source = "registry+https://github.com/rust-lang/crates.io-index"
checksum = "1f84a679337a4f86d3d25882c73a0d7878d10de247de7490097634af283f4c00"
dependencies = [
 "find-msvc-tools",
 "shlex",
]

[[package]]
name = "cfg-if"
version = "1.0.4"
source = "registry+https://github.com/rust-lang/crates.io-index"
checksum = "9330f8b2ff13f34540b44e946ef35111825727b38d33286ef986142615121801"

[[package]]
name = "cpufeatures"
version = "0.2.17"
source = "registry+https://github.com/rust-lang/crates.io-index"
checksum = "59ed5838eebb26a2bb2e58f6d5b5316989ae9d08bab10e0e6d103e656d1b0280"
dependencies = [
 "libc",
]

[[package]]
name = "crypto-common"
version = "0.1.7"
source = "registry+https://github.com/rust-lang/crates.io-index"
checksum = "fd9535c07dd71393468c0dbaa63f3e629868319728a9f913d7bd9ddda81da2ff"
dependencies = [
 "generic-array",
 "typenum",
]

[[package]]
name = "digest"
version = "0.10.7"
source = "registry+https://github.com/rust-lang/crates.io-index"
checksum = "9ed9a7f1952867708beb0e7a2b79c99d2d1676de1a8a0e0697fc0a37d87f1e89"
dependencies = [
 "block-buffer",
 "crypto-common",
]

[[package]]
name = "errno"
version = "0.3.14"
source = "registry+https://github.com/rust-lang/crates.io-index"
checksum = "39e3d1e0e33d16d2d7b079c0d08e6f0fb9b06f16eb63ac7f4937988b19f6c156"
dependencies = [
 "libc",
 "windows-sys",
]

[[package]]
name = "fallible-iterator"
version = "0.3.0"
source = "registry+https://github.com/rust-lang/crates.io-index"
checksum = "2acce77dd1e9b1a2571eefb8841cbe6bd10e7ac5d3f7d8f806c5f2f6d37b9432"

[[package]]
name = "fallible-streaming-iterator"
version = "0.1.9"
source = "registry+https://github.com/rust-lang/crates.io-index"
checksum = "7360491ce676a36bf9bb3c56c5dd42e370b0a0d0f418010c5ff5f583a0c3b6e0"

[[package]]
name = "fastrand"
version = "2.5.0"
source = "registry+https://github.com/rust-lang/crates.io-index"
checksum = "a4b6c2932f388641b2394a66a648f97063d97922e12e0950ac175507aa2a12c2"

[[package]]
name = "find-msvc-tools"
version = "0.1.12"
source = "registry+https://github.com/rust-lang/crates.io-index"
checksum = "bc1d4a75daee278730236942816659f0363095985319d19b3d9d809fcb2f9bbf"

[[package]]
name = "foldhash"
version = "0.2.0"
source = "registry+https://github.com/rust-lang/crates.io-index"
checksum = "77ce24cb58228fbb8aa041425bb1050850ac19177686ea6e0f41a70416f56fdb"

[[package]]
name = "formula-archtest"
version = "0.0.0"

[[package]]
name = "formula-check"
version = "0.0.1"
dependencies = [
 "formula-core",
 "num-bigint",
]

[[package]]
name = "formula-cli"
version = "0.0.1"
dependencies = [
 "formula-core",
 "formula-engine",
 "formula-first-light",
]

[[package]]
name = "formula-core"
version = "0.0.1"
dependencies = [
 "num-bigint",
 "num-integer",
 "num-traits",
 "sha2",
]

[[package]]
name = "formula-engine"
version = "0.0.1"
dependencies = [
 "formula-core",
 "formula-packages",
]

[[package]]
name = "formula-first-light"
version = "0.0.1"
dependencies = [
 "formula-check",
 "formula-core",
 "formula-engine",
 "formula-packages",
 "formula-realize",
 "formula-store",
 "tempfile",
]

[[package]]
name = "formula-packages"
version = "0.0.1"
dependencies = [
 "formula-core",
]

[[package]]
name = "formula-realize"
version = "0.0.1"
dependencies = [
 "formula-core",
 "formula-engine",
]

[[package]]
name = "formula-store"
version = "0.0.1"
dependencies = [
 "formula-check",
 "formula-core",
 "rusqlite",
 "tempfile",
]

[[package]]
name = "generic-array"
version = "0.14.7"
source = "registry+https://github.com/rust-lang/crates.io-index"
checksum = "85649ca264f70152c3063e1c52b56a67c8a7fb4cf0fcdabfb34549c0853a1c1d"
dependencies = [
 "typenum",
 "version_check",
]

[[package]]
name = "getrandom"
version = "0.4.3"
source = "registry+https://github.com/rust-lang/crates.io-index"
checksum = "20ec5343019259fa4766653e142b805f2d9cce432a834224bf4e6d045b47ba2c"
dependencies = [
 "cfg-if",
 "libc",
 "r-efi",
 "wasm-bindgen",
 "wasm-bindgen-test",
]

[[package]]
name = "hashbrown"
version = "0.16.1"
source = "registry+https://github.com/rust-lang/crates.io-index"
checksum = "6f44e2fe4e921b1d1b79b2c084a6dc0f9330ba5310a35cba6df39e51a3f3a292"

[[package]]
name = "hashbrown"
version = "0.17.1"
source = "registry+https://github.com/rust-lang/crates.io-index"
checksum = "6188b0f10bd43b808ca87f6cda77e46a01059160e91dfc1fce611120182be8a7"
dependencies = [
 "foldhash",
]

[[package]]
name = "hashlink"
version = "0.12.1"
source = "registry+https://github.com/rust-lang/crates.io-index"
checksum = "893774355782783f27630533652b42921532e51a4c344073aad4f29e44ae3f9f"
dependencies = [
 "hashbrown 0.17.1",
]

[[package]]
name = "js-sys"
version = "0.3.104"
source = "registry+https://github.com/rust-lang/crates.io-index"
checksum = "e157a5ccff45e21f5f2c052a8a18e2380c3275f6472f98aacdb131a187e004a8"
dependencies = [
 "once_cell",
 "wasm-bindgen",
]

[[package]]
name = "libc"
version = "0.2.189"
source = "registry+https://github.com/rust-lang/crates.io-index"
checksum = "7a2f1561234a25a5f74862a1152867a36665bd357b7e141a3e9e9340958969e6"

[[package]]
name = "libsqlite3-sys"
version = "0.38.2"
source = "registry+https://github.com/rust-lang/crates.io-index"
checksum = "fd321b7a986308fcd5ba8d0b85aa5e53bb7097506332b1f2709ef32ea97bd1b2"
dependencies = [
 "cc",
 "pkg-config",
 "vcpkg",
]

[[package]]
name = "linux-raw-sys"
version = "0.12.1"
source = "registry+https://github.com/rust-lang/crates.io-index"
checksum = "e9d7b9a98a5a2bc77f934de7a1a15fb7fe6523e7acc833254894f7a11153c26a"

[[package]]
name = "num-bigint"
version = "0.4.8"
source = "registry+https://github.com/rust-lang/crates.io-index"
checksum = "1425230ef322535112e8049a75fd7a8a1e18ecde75627982c4c6824847b768cc"
dependencies = [
 "num-integer",
 "num-traits",
]

[[package]]
name = "num-integer"
version = "0.1.47"
source = "registry+https://github.com/rust-lang/crates.io-index"
checksum = "014de398a1b350858cf0bcb4a5cd845013e795a3150440bfc0338d051426f2bb"
dependencies = [
 "num-traits",
]

[[package]]
name = "num-traits"
version = "0.2.19"
source = "registry+https://github.com/rust-lang/crates.io-index"
checksum = "071dfc062690e90b734c79f8bd1d10c11e997ece8f5bfb1ad3c3f3a5d4e0c699"
dependencies = [
 "autocfg",
]

[[package]]
name = "once_cell"
version = "1.21.4"
source = "registry+https://github.com/rust-lang/crates.io-index"
checksum = "d233f08c0f1c22c4201ba3a68696396246592d37820b56277318eed5e4e74903"

[[package]]
name = "pkg-config"
version = "0.3.34"
source = "registry+https://github.com/rust-lang/crates.io-index"
checksum = "845e42b2f2f03a1f707e85d2e7f4989f355b2e0cc9e21d85a3a4c895f0b60b77"

[[package]]
name = "proc-macro2"
version = "1.0.107"
source = "registry+https://github.com/rust-lang/crates.io-index"
checksum = "e33373f06f7e02a12f2241aab0ea960db74c6265e5b3ecfbe65b9f3925f5b99a"
dependencies = [
 "unicode-ident",
]

[[package]]
name = "quote"
version = "1.0.47"
source = "registry+https://github.com/rust-lang/crates.io-index"
checksum = "c93c244c021fe612496a0ecb2bc4d48de8edc98371cc0aa6cca414b30b9569ca"
dependencies = [
 "proc-macro2",
]

[[package]]
name = "r-efi"
version = "6.0.0"
source = "registry+https://github.com/rust-lang/crates.io-index"
checksum = "afa4ac9be41375615ec794eb777a615aed4e8bda26459f97c76d3915a9a115f6"

[[package]]
name = "rsqlite-vfs"
version = "0.1.1"
source = "registry+https://github.com/rust-lang/crates.io-index"
checksum = "7153a0a69064d285ee665057e7412a3f6a784173136713aaaf5ad640d054542c"
dependencies = [
 "sqlite-wasm-rs",
]

[[package]]
name = "rusqlite"
version = "0.40.2"
source = "registry+https://github.com/rust-lang/crates.io-index"
checksum = "329bbd7f256448d01e65ac2c240e89773961041592466311c2b1e7974a4e436b"
dependencies = [
 "bitflags",
 "fallible-iterator",
 "fallible-streaming-iterator",
 "hashlink",
 "libsqlite3-sys",
 "smallvec",
]

[[package]]
name = "rustix"
version = "1.1.4"
source = "registry+https://github.com/rust-lang/crates.io-index"
checksum = "07bea47f2d37c25b95af82202e53ca2c58c1d6c027c5175782164855058044da"
dependencies = [
 "bitflags",
 "errno",
 "libc",
 "linux-raw-sys",
 "windows-sys",
]

[[package]]
name = "sha2"
version = "0.10.9"
source = "registry+https://github.com/rust-lang/crates.io-index"
checksum = "a7507d819769d01a365ab707794a4084392c824f6f4a7a923d9cfe0b92cf341a"
dependencies = [
 "cfg-if",
 "cpufeatures",
 "digest",
]

[[package]]
name = "shlex"
version = "2.0.1"
source = "registry+https://github.com/rust-lang/crates.io-index"
checksum = "80edb8e1aaec101024979b1d57b3def9885253d3f6cceec485daa98f1ae9cda8"

[[package]]
name = "smallvec"
version = "1.16.0"
source = "registry+https://github.com/rust-lang/crates.io-index"
checksum = "a019fc0a97e6c061e36d095c113f774fb1c6b9c1f9c95b0a8a7922db74b90c7e"

[[package]]
name = "sqlite-wasm-rs"
version = "0.5.5"
source = "registry+https://github.com/rust-lang/crates.io-index"
checksum = "cc4c2277ace8746e0b2c8a6209bd101817241d82b2a4d2d1e01513f34726d733"
dependencies = [
 "js-sys",
 "rsqlite-vfs",
 "wasm-bindgen",
]

[[package]]
name = "syn"
version = "2.0.119"
source = "registry+https://github.com/rust-lang/crates.io-index"
checksum = "3d3817c2a8d27cfe094389e202d14ba16b886da1f6de943edf9f0e9c4f812230"
dependencies = [
 "proc-macro2",
 "quote",
 "unicode-ident",
]

[[package]]
name = "syn"
version = "3.0.4"
source = "registry+https://github.com/rust-lang/crates.io-index"
checksum = "de063536c4f8a0a4981bcfe66c6ee4a7f3c1c0e8fb553bcbf6c451f0c9877668"
dependencies = [
 "proc-macro2",
 "quote",
 "unicode-ident",
]

[[package]]
name = "tempfile"
version = "3.27.0"
source = "registry+https://github.com/rust-lang/crates.io-index"
checksum = "67bf490d565f2ec4128031ad3483e07527459b8e7a6baa7b2a93188b82ce81b6"
dependencies = [
 "fastrand",
 "getrandom",
 "once_cell",
 "rustix",
 "windows-sys",
]

[[package]]
name = "thiserror"
version = "2.0.20"
source = "registry+https://github.com/rust-lang/crates.io-index"
checksum = "861d7063f6c9cf36b2c0045a7ae9dafca19d2a77c31fa90f16eab226021c1ab9"
dependencies = [
 "thiserror-impl",
]

[[package]]
name = "thiserror-impl"
version = "2.0.20"
source = "registry+https://github.com/rust-lang/crates.io-index"
checksum = "95e37c8c7303773b452a07bc28bb0d2848e9b6cf5fe39d6471fe550b53cc4f71"
dependencies = [
 "proc-macro2",
 "quote",
 "syn 2.0.119",
]

[[package]]
name = "typenum"
version = "1.20.1"
source = "registry+https://github.com/rust-lang/crates.io-index"
checksum = "6a97c951c154e8ea04f572018a220ca9a1033cd5e4d8a4823ba7fb63e6de4bc4"

[[package]]
name = "unicode-ident"
version = "1.0.24"
source = "registry+https://github.com/rust-lang/crates.io-index"
checksum = "3525d9c3f60d1f89625f334933891484b60fec7ff1a7b153e61d03b92166f3b4"

[[package]]
name = "vcpkg"
version = "0.2.15"
source = "registry+https://github.com/rust-lang/crates.io-index"
checksum = "accd4f83e0ddbfcb85912d2cf889e3f44b048b7c82bd0903fcdfa7f6a3e53d86"

[[package]]
name = "version_check"
version = "0.9.5"
source = "registry+https://github.com/rust-lang/crates.io-index"
checksum = "0b68a9a36a00b180b867328b1c6b99ddc893891c4c0a6ce4abc7c848e5c7e4a"

[[package]]
name = "wasm-bindgen"
version = "0.2.127"
source = "registry+https://github.com/rust-lang/crates.io-index"
checksum = "04ff9a3ba981606161a138ae20f10a26aa31e56b84cb4e1b9d7128038c55d7d4"
dependencies = [
 "cfg-if",
 "once_cell",
 "rustversion",
 "wasm-bindgen-macro",
 "wasm-bindgen-shared",
]

[[package]]
name = "wasm-bindgen-macro"
version = "0.2.127"
source = "registry+https://github.com/rust-lang/crates.io-index"
checksum = "66a8d4e41014e7ded43a5b0b8fe053a6401b729021b40a5e3c9f3037f9d10a7e"
dependencies = [
 "quote",
 "wasm-bindgen-macro-support",
]

[[package]]
name = "wasm-bindgen-macro-support"
version = "0.2.127"
source = "registry+https://github.com/rust-lang/crates.io-index"
checksum = "402090423021ced6489163cd7819b42b2c5a3d53b9eecf5ea4c1614999a6f9bc"
dependencies = [
 "proc-macro2",
 "quote",
 "syn 3.0.4",
 "wasm-bindgen-shared",
]

[[package]]
name = "wasm-bindgen-shared"
version = "0.2.127"
source = "registry+https://github.com/rust-lang/crates.io-index"
checksum = "3031b6335ea0405fec501388a742c4cb54f949d246765d446804033193be4aac"

[[package]]
name = "wasm-bindgen-test"
version = "0.3.77"
source = "registry+https://github.com/rust-lang/crates.io-index"
checksum = "f6db1480dbf77fc471b9f5821dc75beecbeb32a1909c40b044121129ec46ea21"
dependencies = [
 "wasm-bindgen",
]

[[package]]
name = "windows-link"
version = "0.2.1"
source = "registry+https://github.com/rust-lang/crates.io-index"
checksum = "f0805222e57f7521d6a62e36fa9163bc891acd422f971f714e40d36bb7e7f698"

[[package]]
name = "windows-sys"
version = "0.61.2"
source = "registry+https://github.com/rust-lang/crates.io-index"
checksum = "3b56211c389020643a6e984a1d09696dd65e19441269510493253b4186c36e9d"
dependencies = [
 "windows-link",
]
