# This file is automatically @generated by Cargo.
# It is not intended for manual editing.
version = 4

[[package]]
name = "formula-archtest"
version = "0.0.0"

[[package]]
name = "formula-check"
version = "0.0.1"
dependencies = [
 "formula-core",
]

[[package]]
name = "formula-cli"
version = "0.0.1"
dependencies = [
 "formula-core",
 "formula-engine",
 "formula-first-light",
]

[[package]]
name = "formula-core"
version = "0.0.1"

[[package]]
name = "formula-engine"
version = "0.0.1"
dependencies = [
 "formula-core",
 "formula-packages",
 "formula-store",
]

[[package]]
name = "formula-first-light"
version = "0.0.1"
dependencies = [
 "formula-core",
 "formula-engine",
]

[[package]]
name = "formula-packages"
version = "0.0.1"
dependencies = [
 "formula-core",
]

[[package]]
name = "formula-realize"
version = "0.0.1"
dependencies = [
 "formula-core",
]

[[package]]
name = "formula-store"
version = "0.0.1"
dependencies = [
 "formula-core",
]
